
Microsoft Visual Studio Solution File, Format Version 12.00
# Visual Studio Version 16
VisualStudioVersion = 16.0.29911.84
MinimumVisualStudioVersion = 10.0.40219.1
Project("{888888A0-9F3D-457C-B088-3A5042F75D52}") = "курсовая", "курсовая.pyproj", "{3FCB7D22-C653-417C-A468-E6A015BC1A05}"
EndProject
Global
	GlobalSection(SolutionConfigurationPlatforms) = preSolution
		Debug|Any CPU = Debug|Any CPU
		Release|Any CPU = Release|Any CPU
	EndGlobalSection
	GlobalSection(ProjectConfigurationPlatforms) = postSolution
		{3FCB7D22-C653-417C-A468-E6A015BC1A05}.Debug|Any CPU.ActiveCfg = Debug|Any CPU
		{3FCB7D22-C653-417C-A468-E6A015BC1A05}.Release|Any CPU.ActiveCfg = Release|Any CPU
	EndGlobalSection
	GlobalSection(SolutionProperties) = preSolution
		HideSolutionNode = FALSE
	EndGlobalSection
	GlobalSection(ExtensibilityGlobals) = postSolution
		SolutionGuid = {FE1168F7-C676-49F3-BB15-40FE180BB5B0}
	EndGlobalSection
EndGlobal
